{
  "name": "hd-exam-api",
  "version": "1.0.0",
  "lockfileVersion": 3,
  "requires": true,
  "packages": {
    "": {
      "name": "hd-exam-api",
      "version": "1.0.0",
      "dependencies": {
        "itty-router": "^4.0.27"
      }
    },
    "node_modules/itty-router": {
      "version": "4.2.2",
      "resolved": "https://registry.npmjs.org/itty-router/-/itty-router-4.2.2.tgz",
      "integrity": "sha512-KegPW0l9SNPadProoFT07AB84uOqLUwzlXQ7HsqkS31WUrxkjdhcemRpTDUuetbMJ89uBtWeQSVoiEmUAu31uw==",
      "license": "MIT"
    }
  }
}
